
Microsoft Visual Studio Solution File, Format Version 12.00
# Visual Studio Version 16
VisualStudioVersion = 16.0.29926.136
MinimumVisualStudioVersion = 10.0.40219.1
Project("{FAE04EC0-301F-11D3-BF4B-00C04F79EFBC}") = "Ex1_NumerosRomanos", "Ex1_NumerosRomanos\Ex1_NumerosRomanos.csproj", "{F40D92C0-89B0-4563-8F14-C4319406BFEB}"
EndProject
Global
	GlobalSection(SolutionConfigurationPlatforms) = preSolution
		Debug|Any CPU = Debug|Any CPU
		Release|Any CPU = Release|Any CPU
	EndGlobalSection
	GlobalSection(ProjectConfigurationPlatforms) = postSolution
		{F40D92C0-89B0-4563-8F14-C4319406BFEB}.Debug|Any CPU.ActiveCfg = Debug|Any CPU
		{F40D92C0-89B0-4563-8F14-C4319406BFEB}.Debug|Any CPU.Build.0 = Debug|Any CPU
		{F40D92C0-89B0-4563-8F14-C4319406BFEB}.Release|Any CPU.ActiveCfg = Release|Any CPU
		{F40D92C0-89B0-4563-8F14-C4319406BFEB}.Release|Any CPU.Build.0 = Release|Any CPU
	EndGlobalSection
	GlobalSection(SolutionProperties) = preSolution
		HideSolutionNode = FALSE
	EndGlobalSection
	GlobalSection(ExtensibilityGlobals) = postSolution
		SolutionGuid = {CC6BC281-452E-471A-B0F0-C8CC3B79C9B1}
	EndGlobalSection
EndGlobal
