
Microsoft Visual Studio Solution File, Format Version 12.00
# Visual Studio Version 16
VisualStudioVersion = 16.0.29926.136
MinimumVisualStudioVersion = 10.0.40219.1
Project("{2150E333-8FDC-42A3-9474-1A3956D46DE8}") = "1 - Domain", "1 - Domain", "{8DCD055B-9D93-4B61-B92B-86E10A78A973}"
EndProject
Project("{FAE04EC0-301F-11D3-BF4B-00C04F79EFBC}") = "NewExercise03.Domain", "NewExercise03.Domain\NewExercise03.Domain.csproj", "{FC49C63A-5E1C-4132-B638-DC3DEADC31B4}"
EndProject
Global
	GlobalSection(SolutionConfigurationPlatforms) = preSolution
		Debug|Any CPU = Debug|Any CPU
		Release|Any CPU = Release|Any CPU
	EndGlobalSection
	GlobalSection(ProjectConfigurationPlatforms) = postSolution
		{FC49C63A-5E1C-4132-B638-DC3DEADC31B4}.Debug|Any CPU.ActiveCfg = Debug|Any CPU
		{FC49C63A-5E1C-4132-B638-DC3DEADC31B4}.Debug|Any CPU.Build.0 = Debug|Any CPU
		{FC49C63A-5E1C-4132-B638-DC3DEADC31B4}.Release|Any CPU.ActiveCfg = Release|Any CPU
		{FC49C63A-5E1C-4132-B638-DC3DEADC31B4}.Release|Any CPU.Build.0 = Release|Any CPU
	EndGlobalSection
	GlobalSection(SolutionProperties) = preSolution
		HideSolutionNode = FALSE
	EndGlobalSection
	GlobalSection(NestedProjects) = preSolution
		{FC49C63A-5E1C-4132-B638-DC3DEADC31B4} = {8DCD055B-9D93-4B61-B92B-86E10A78A973}
	EndGlobalSection
	GlobalSection(ExtensibilityGlobals) = postSolution
		SolutionGuid = {4F680F71-735C-471B-99C9-7B1F2E336B2D}
	EndGlobalSection
EndGlobal
